
Microsoft Visual Studio Solution File, Format Version 12.00
# Visual Studio Version 16
VisualStudioVersion = 16.0.31729.503
MinimumVisualStudioVersion = 10.0.40219.1
Project("{F184B08F-C81C-45F6-A57F-5ABD9991F28F}") = "Assignment-11", "Assignment-11\Assignment-11.vbproj", "{620343BF-1F39-46EB-B72D-B5BC0D45C14A}"
EndProject
Global
	GlobalSection(SolutionConfigurationPlatforms) = preSolution
		Debug|Any CPU = Debug|Any CPU
		Release|Any CPU = Release|Any CPU
	EndGlobalSection
	GlobalSection(ProjectConfigurationPlatforms) = postSolution
		{620343BF-1F39-46EB-B72D-B5BC0D45C14A}.Debug|Any CPU.ActiveCfg = Debug|Any CPU
		{620343BF-1F39-46EB-B72D-B5BC0D45C14A}.Debug|Any CPU.Build.0 = Debug|Any CPU
		{620343BF-1F39-46EB-B72D-B5BC0D45C14A}.Release|Any CPU.ActiveCfg = Release|Any CPU
		{620343BF-1F39-46EB-B72D-B5BC0D45C14A}.Release|Any CPU.Build.0 = Release|Any CPU
	EndGlobalSection
	GlobalSection(SolutionProperties) = preSolution
		HideSolutionNode = FALSE
	EndGlobalSection
	GlobalSection(ExtensibilityGlobals) = postSolution
		SolutionGuid = {AD403DA9-4696-4C87-A3A3-0B584C004D6D}
	EndGlobalSection
EndGlobal
